
Microsoft Visual Studio Solution File, Format Version 12.00
# Visual Studio Version 17
VisualStudioVersion = 17.11.35219.272
MinimumVisualStudioVersion = 10.0.40219.1
Project("{9A19103F-16F7-4668-BE54-9A1E7A4F7556}") = "AcademiaBaile", "AcademiaBaile.csproj", "{BA64F211-3D38-4C73-91A7-6FD94B87B8A7}"
EndProject
Global
	GlobalSection(SolutionConfigurationPlatforms) = preSolution
		Debug|Any CPU = Debug|Any CPU
		Release|Any CPU = Release|Any CPU
	EndGlobalSection
	GlobalSection(ProjectConfigurationPlatforms) = postSolution
		{BA64F211-3D38-4C73-91A7-6FD94B87B8A7}.Debug|Any CPU.ActiveCfg = Debug|Any CPU
		{BA64F211-3D38-4C73-91A7-6FD94B87B8A7}.Debug|Any CPU.Build.0 = Debug|Any CPU
		{BA64F211-3D38-4C73-91A7-6FD94B87B8A7}.Release|Any CPU.ActiveCfg = Release|Any CPU
		{BA64F211-3D38-4C73-91A7-6FD94B87B8A7}.Release|Any CPU.Build.0 = Release|Any CPU
	EndGlobalSection
	GlobalSection(SolutionProperties) = preSolution
		HideSolutionNode = FALSE
	EndGlobalSection
	GlobalSection(ExtensibilityGlobals) = postSolution
		SolutionGuid = {FB1019E2-AF59-498B-B718-B08C13DDEA07}
	EndGlobalSection
EndGlobal
